
Microsoft Visual Studio Solution File, Format Version 12.00
Project("{FAE04EC0-301F-11D3-BF4B-00C04F79EFBC}") = "HolidayTests", "HolidayTests\HolidayTests.csproj", "{614A660A-0957-4906-ACCA-E281C79BDA37}"
EndProject
Project("{FAE04EC0-301F-11D3-BF4B-00C04F79EFBC}") = "Lib", "Lib\Lib.csproj", "{9CBA7C81-3009-4939-877D-4EF5D718D216}"
EndProject
Global
	GlobalSection(SolutionConfigurationPlatforms) = preSolution
		Debug|Any CPU = Debug|Any CPU
		Release|Any CPU = Release|Any CPU
	EndGlobalSection
	GlobalSection(ProjectConfigurationPlatforms) = postSolution
		{614A660A-0957-4906-ACCA-E281C79BDA37}.Debug|Any CPU.ActiveCfg = Debug|Any CPU
		{614A660A-0957-4906-ACCA-E281C79BDA37}.Debug|Any CPU.Build.0 = Debug|Any CPU
		{614A660A-0957-4906-ACCA-E281C79BDA37}.Release|Any CPU.ActiveCfg = Release|Any CPU
		{614A660A-0957-4906-ACCA-E281C79BDA37}.Release|Any CPU.Build.0 = Release|Any CPU
		{9CBA7C81-3009-4939-877D-4EF5D718D216}.Debug|Any CPU.ActiveCfg = Debug|Any CPU
		{9CBA7C81-3009-4939-877D-4EF5D718D216}.Debug|Any CPU.Build.0 = Debug|Any CPU
		{9CBA7C81-3009-4939-877D-4EF5D718D216}.Release|Any CPU.ActiveCfg = Release|Any CPU
		{9CBA7C81-3009-4939-877D-4EF5D718D216}.Release|Any CPU.Build.0 = Release|Any CPU
	EndGlobalSection
EndGlobal
